// !$*UTF8*$!
{
	archiveVersion = 1;
	classes = {
	};
	objectVersion = 46;
	objects = {

/* Begin PBXBuildFile section */
		0A8ACB56893F1D49727C472C /* ZettelmanLocalApp.swift in Sources */ = {isa = PBXBuildFile; fileRef = 9A2F0A0890BD50D3007DDDCD /* ZettelmanLocalApp.swift */; };
		1059FEB285D620F6F7A3F5D4 /* XCTest.framework in Frameworks */ = {isa = PBXBuildFile; fileRef = 4ADD9C0CD7AB3B16E3919D82 /* XCTest.framework */; };
		1B81938F598CBA5EA6E93592 /* PhotoLibraryPicker.swift in Sources */ = {isa = PBXBuildFile; fileRef = 16D61D2B1C9F72C690196F33 /* PhotoLibraryPicker.swift */; };
		1BE02E115BB56B7568ED7884 /* ScannedImageStore.swift in Sources */ = {isa = PBXBuildFile; fileRef = C01C3C86C35325CC66769200 /* ScannedImageStore.swift */; };
		1C830DEAC9402C0F171F4104 /* ContentView.swift in Sources */ = {isa = PBXBuildFile; fileRef = EFC8461851F57E21E6E87D79 /* ContentView.swift */; };
		221A3F3C8409C0A00082A2DC /* AppointmentPresentation.swift in Sources */ = {isa = PBXBuildFile; fileRef = 49201A16499918C2C7B77D83 /* AppointmentPresentation.swift */; };
		288759A895F49D0F9220F081 /* TextRecognizer.swift in Sources */ = {isa = PBXBuildFile; fileRef = CB8EB9826EF287E33C3E9FA2 /* TextRecognizer.swift */; };
		7D918E8C0A6273280FB73763 /* ExtractedAppointment.swift in Sources */ = {isa = PBXBuildFile; fileRef = 59464A2AE082BB1399C1B3FC /* ExtractedAppointment.swift */; };
		802D2FEAD84269A29AB82B14 /* AppointmentDetailView.swift in Sources */ = {isa = PBXBuildFile; fileRef = 1AA21E2D8E7EFBD18A18E150 /* AppointmentDetailView.swift */; };
		8D948ABF6F55AA4BB98B5B7B /* AppointmentExtractorFixtureTests.swift in Sources */ = {isa = PBXBuildFile; fileRef = 75335ECB203D1C14D94880E4 /* AppointmentExtractorFixtureTests.swift */; };
		A41A8FC4A7CE99942662B96F /* AppointmentScanner.swift in Sources */ = {isa = PBXBuildFile; fileRef = 2F08198F6AE731478CDFC55D /* AppointmentScanner.swift */; };
		A82A0C8C7B4EFFC835D4029E /* AppointmentRecord.swift in Sources */ = {isa = PBXBuildFile; fileRef = 81C9B38141EAA06A34439C7A /* AppointmentRecord.swift */; };
		AAB8BC996B43F2EB9CB8E941 /* Assets.xcassets in Resources */ = {isa = PBXBuildFile; fileRef = BBEB124358694BADBEE37E07 /* Assets.xcassets */; };
		D0A8E5ECB3319816ABA9A54A /* Foundation.framework in Frameworks */ = {isa = PBXBuildFile; fileRef = A25C83511CAFA6A2C2975715 /* Foundation.framework */; };
		D21313AD5A7CE82AF526828D /* Foundation.framework in Frameworks */ = {isa = PBXBuildFile; fileRef = A25C83511CAFA6A2C2975715 /* Foundation.framework */; };
		D313EFB25D7993AED7FCE70B /* AppointmentExtractor.swift in Sources */ = {isa = PBXBuildFile; fileRef = 0DD323788699525091ECFA0C /* AppointmentExtractor.swift */; };
		D6A228815C735CA1474C2625 /* AppointmentListView.swift in Sources */ = {isa = PBXBuildFile; fileRef = E1E937EF848C11A1B858333B /* AppointmentListView.swift */; };
		E7A7A992470A2A6070023DE8 /* ScanConfirmationView.swift in Sources */ = {isa = PBXBuildFile; fileRef = 2EE4F539EF6676E08739A6A2 /* ScanConfirmationView.swift */; };
		F23CAAB4FCE88485C845E50B /* OCRImagePreprocessor.swift in Sources */ = {isa = PBXBuildFile; fileRef = 0EC0875D25AD56BB8F4D941D /* OCRImagePreprocessor.swift */; };
		F76137DE686A1868D5A1B86C /* CameraPicker.swift in Sources */ = {isa = PBXBuildFile; fileRef = 583FF2A6491276AADD712518 /* CameraPicker.swift */; };
		FF842165066DE8A1D9F61087 /* SampleScanIntegrationTests.swift in Sources */ = {isa = PBXBuildFile; fileRef = C4638AC65F59F12F4837D0D2 /* SampleScanIntegrationTests.swift */; };
/* End PBXBuildFile section */

/* Begin PBXContainerItemProxy section */
		4A9E255AAB6DDAD060A99D93 /* PBXContainerItemProxy */ = {
			isa = PBXContainerItemProxy;
			containerPortal = 95FC311EA008961D54BD56A2 /* Project object */;
			proxyType = 1;
			remoteGlobalIDString = C6BCE3D7B4D99261579D1F2A;
			remoteInfo = ZettelmanLocal;
		};
/* End PBXContainerItemProxy section */

/* Begin PBXFileReference section */
		0DD323788699525091ECFA0C /* AppointmentExtractor.swift */ = {isa = PBXFileReference; includeInIndex = 1; lastKnownFileType = sourcecode.swift; path = AppointmentExtractor.swift; sourceTree = "<group>"; };
		0EC0875D25AD56BB8F4D941D /* OCRImagePreprocessor.swift */ = {isa = PBXFileReference; includeInIndex = 1; lastKnownFileType = sourcecode.swift; path = OCRImagePreprocessor.swift; sourceTree = "<group>"; };
		16D61D2B1C9F72C690196F33 /* PhotoLibraryPicker.swift */ = {isa = PBXFileReference; includeInIndex = 1; lastKnownFileType = sourcecode.swift; path = PhotoLibraryPicker.swift; sourceTree = "<group>"; };
		1AA21E2D8E7EFBD18A18E150 /* AppointmentDetailView.swift */ = {isa = PBXFileReference; includeInIndex = 1; lastKnownFileType = sourcecode.swift; path = AppointmentDetailView.swift; sourceTree = "<group>"; };
		2EE4F539EF6676E08739A6A2 /* ScanConfirmationView.swift */ = {isa = PBXFileReference; includeInIndex = 1; lastKnownFileType = sourcecode.swift; path = ScanConfirmationView.swift; sourceTree = "<group>"; };
		2F08198F6AE731478CDFC55D /* AppointmentScanner.swift */ = {isa = PBXFileReference; includeInIndex = 1; lastKnownFileType = sourcecode.swift; path = AppointmentScanner.swift; sourceTree = "<group>"; };
		49201A16499918C2C7B77D83 /* AppointmentPresentation.swift */ = {isa = PBXFileReference; includeInIndex = 1; lastKnownFileType = sourcecode.swift; path = AppointmentPresentation.swift; sourceTree = "<group>"; };
		4ADD9C0CD7AB3B16E3919D82 /* XCTest.framework */ = {isa = PBXFileReference; lastKnownFileType = wrapper.framework; name = XCTest.framework; path = Platforms/iPhoneOS.platform/Developer/SDKs/iPhoneOS18.0.sdk/System/Library/Frameworks/XCTest.framework; sourceTree = DEVELOPER_DIR; };
		583FF2A6491276AADD712518 /* CameraPicker.swift */ = {isa = PBXFileReference; includeInIndex = 1; lastKnownFileType = sourcecode.swift; path = CameraPicker.swift; sourceTree = "<group>"; };
		59464A2AE082BB1399C1B3FC /* ExtractedAppointment.swift */ = {isa = PBXFileReference; includeInIndex = 1; lastKnownFileType = sourcecode.swift; path = ExtractedAppointment.swift; sourceTree = "<group>"; };
		75335ECB203D1C14D94880E4 /* AppointmentExtractorFixtureTests.swift */ = {isa = PBXFileReference; includeInIndex = 1; lastKnownFileType = sourcecode.swift; path = AppointmentExtractorFixtureTests.swift; sourceTree = "<group>"; };
		7FD59A92AA54D9C0AAAFBBBB /* ZettelmanLocal.app */ = {isa = PBXFileReference; explicitFileType = wrapper.application; includeInIndex = 0; path = ZettelmanLocal.app; sourceTree = BUILT_PRODUCTS_DIR; };
		81C9B38141EAA06A34439C7A /* AppointmentRecord.swift */ = {isa = PBXFileReference; includeInIndex = 1; lastKnownFileType = sourcecode.swift; path = AppointmentRecord.swift; sourceTree = "<group>"; };
		9A2F0A0890BD50D3007DDDCD /* ZettelmanLocalApp.swift */ = {isa = PBXFileReference; includeInIndex = 1; lastKnownFileType = sourcecode.swift; path = ZettelmanLocalApp.swift; sourceTree = "<group>"; };
		A25C83511CAFA6A2C2975715 /* Foundation.framework */ = {isa = PBXFileReference; lastKnownFileType = wrapper.framework; name = Foundation.framework; path = Platforms/iPhoneOS.platform/Developer/SDKs/iPhoneOS18.0.sdk/System/Library/Frameworks/Foundation.framework; sourceTree = DEVELOPER_DIR; };
		AD9D5BF5FFDD4EBAB1B8FC04 /* ZettelmanLocalTests.xctest */ = {isa = PBXFileReference; explicitFileType = wrapper.cfbundle; includeInIndex = 0; path = ZettelmanLocalTests.xctest; sourceTree = BUILT_PRODUCTS_DIR; };
		BBEB124358694BADBEE37E07 /* Assets.xcassets */ = {isa = PBXFileReference; includeInIndex = 1; lastKnownFileType = folder.assetcatalog; path = Assets.xcassets; sourceTree = "<group>"; };
		C01C3C86C35325CC66769200 /* ScannedImageStore.swift */ = {isa = PBXFileReference; includeInIndex = 1; lastKnownFileType = sourcecode.swift; path = ScannedImageStore.swift; sourceTree = "<group>"; };
		C4638AC65F59F12F4837D0D2 /* SampleScanIntegrationTests.swift */ = {isa = PBXFileReference; includeInIndex = 1; lastKnownFileType = sourcecode.swift; path = SampleScanIntegrationTests.swift; sourceTree = "<group>"; };
		CB8EB9826EF287E33C3E9FA2 /* TextRecognizer.swift */ = {isa = PBXFileReference; includeInIndex = 1; lastKnownFileType = sourcecode.swift; path = TextRecognizer.swift; sourceTree = "<group>"; };
		E1E937EF848C11A1B858333B /* AppointmentListView.swift */ = {isa = PBXFileReference; includeInIndex = 1; lastKnownFileType = sourcecode.swift; path = AppointmentListView.swift; sourceTree = "<group>"; };
		EFC8461851F57E21E6E87D79 /* ContentView.swift */ = {isa = PBXFileReference; includeInIndex = 1; lastKnownFileType = sourcecode.swift; path = ContentView.swift; sourceTree = "<group>"; };
/* End PBXFileReference section */

/* Begin PBXFrameworksBuildPhase section */
		B020FFE1719D7548A84A5495 /* Frameworks */ = {
			isa = PBXFrameworksBuildPhase;
			buildActionMask = 2147483647;
			files = (
				D21313AD5A7CE82AF526828D /* Foundation.framework in Frameworks */,
			);
			runOnlyForDeploymentPostprocessing = 0;
		};
		D786B1B452BF91E22445D3DE /* Frameworks */ = {
			isa = PBXFrameworksBuildPhase;
			buildActionMask = 2147483647;
			files = (
				D0A8E5ECB3319816ABA9A54A /* Foundation.framework in Frameworks */,
				1059FEB285D620F6F7A3F5D4 /* XCTest.framework in Frameworks */,
			);
			runOnlyForDeploymentPostprocessing = 0;
		};
/* End PBXFrameworksBuildPhase section */

/* Begin PBXGroup section */
		058FFFD6591488349CE362BE /* ZettelmanLocal */ = {
			isa = PBXGroup;
			children = (
				E0EE415A2EAB8BA7478234A3 /* App */,
				E687706C2E54C078BE7ADAF2 /* Models */,
				2EC19A6708B31D7878D74050 /* Services */,
				FF18E0DA039DADEB4424332A /* Features */,
				5377B1E33A4B33CFE913DDB4 /* Resources */,
			);
			path = ZettelmanLocal;
			sourceTree = "<group>";
		};
		12345FC893A68AB9DA850EF8 /* Scanner */ = {
			isa = PBXGroup;
			children = (
				583FF2A6491276AADD712518 /* CameraPicker.swift */,
				16D61D2B1C9F72C690196F33 /* PhotoLibraryPicker.swift */,
				2EE4F539EF6676E08739A6A2 /* ScanConfirmationView.swift */,
			);
			path = Scanner;
			sourceTree = "<group>";
		};
		139F4533B4DED794016F38EE /* Products */ = {
			isa = PBXGroup;
			children = (
				7FD59A92AA54D9C0AAAFBBBB /* ZettelmanLocal.app */,
				AD9D5BF5FFDD4EBAB1B8FC04 /* ZettelmanLocalTests.xctest */,
			);
			name = Products;
			sourceTree = "<group>";
		};
		2C94428BC8FC9C27EDDDE83C /* iOS */ = {
			isa = PBXGroup;
			children = (
				A25C83511CAFA6A2C2975715 /* Foundation.framework */,
				4ADD9C0CD7AB3B16E3919D82 /* XCTest.framework */,
			);
			name = iOS;
			sourceTree = "<group>";
		};
		2EC19A6708B31D7878D74050 /* Services */ = {
			isa = PBXGroup;
			children = (
				0DD323788699525091ECFA0C /* AppointmentExtractor.swift */,
				49201A16499918C2C7B77D83 /* AppointmentPresentation.swift */,
				2F08198F6AE731478CDFC55D /* AppointmentScanner.swift */,
				0EC0875D25AD56BB8F4D941D /* OCRImagePreprocessor.swift */,
				C01C3C86C35325CC66769200 /* ScannedImageStore.swift */,
				CB8EB9826EF287E33C3E9FA2 /* TextRecognizer.swift */,
			);
			path = Services;
			sourceTree = "<group>";
		};
		312049C8E0CAC222CA3943BF = {
			isa = PBXGroup;
			children = (
				139F4533B4DED794016F38EE /* Products */,
				3AB186EEF09A5E341E765A41 /* Frameworks */,
				058FFFD6591488349CE362BE /* ZettelmanLocal */,
				E3E8E267C670617C863DB192 /* ZettelmanLocalTests */,
			);
			sourceTree = "<group>";
		};
		3AB186EEF09A5E341E765A41 /* Frameworks */ = {
			isa = PBXGroup;
			children = (
				2C94428BC8FC9C27EDDDE83C /* iOS */,
			);
			name = Frameworks;
			sourceTree = "<group>";
		};
		5377B1E33A4B33CFE913DDB4 /* Resources */ = {
			isa = PBXGroup;
			children = (
				BBEB124358694BADBEE37E07 /* Assets.xcassets */,
			);
			path = Resources;
			sourceTree = "<group>";
		};
		D6B0224B9F61E521D5961D67 /* Appointments */ = {
			isa = PBXGroup;
			children = (
				1AA21E2D8E7EFBD18A18E150 /* AppointmentDetailView.swift */,
				E1E937EF848C11A1B858333B /* AppointmentListView.swift */,
			);
			path = Appointments;
			sourceTree = "<group>";
		};
		E0EE415A2EAB8BA7478234A3 /* App */ = {
			isa = PBXGroup;
			children = (
				EFC8461851F57E21E6E87D79 /* ContentView.swift */,
				9A2F0A0890BD50D3007DDDCD /* ZettelmanLocalApp.swift */,
			);
			path = App;
			sourceTree = "<group>";
		};
		E3E8E267C670617C863DB192 /* ZettelmanLocalTests */ = {
			isa = PBXGroup;
			children = (
				75335ECB203D1C14D94880E4 /* AppointmentExtractorFixtureTests.swift */,
				C4638AC65F59F12F4837D0D2 /* SampleScanIntegrationTests.swift */,
			);
			path = ZettelmanLocalTests;
			sourceTree = "<group>";
		};
		E687706C2E54C078BE7ADAF2 /* Models */ = {
			isa = PBXGroup;
			children = (
				81C9B38141EAA06A34439C7A /* AppointmentRecord.swift */,
				59464A2AE082BB1399C1B3FC /* ExtractedAppointment.swift */,
			);
			path = Models;
			sourceTree = "<group>";
		};
		FF18E0DA039DADEB4424332A /* Features */ = {
			isa = PBXGroup;
			children = (
				D6B0224B9F61E521D5961D67 /* Appointments */,
				12345FC893A68AB9DA850EF8 /* Scanner */,
			);
			path = Features;
			sourceTree = "<group>";
		};
/* End PBXGroup section */

/* Begin PBXNativeTarget section */
		C6BCE3D7B4D99261579D1F2A /* ZettelmanLocal */ = {
			isa = PBXNativeTarget;
			buildConfigurationList = 544CBCAA5D66A3A6AF54694A /* Build configuration list for PBXNativeTarget "ZettelmanLocal" */;
			buildPhases = (
				810A112E4B549491197AE88F /* Sources */,
				B020FFE1719D7548A84A5495 /* Frameworks */,
				6AD781A5FEA489EADEA341AE /* Resources */,
			);
			buildRules = (
			);
			dependencies = (
			);
			name = ZettelmanLocal;
			productName = ZettelmanLocal;
			productReference = 7FD59A92AA54D9C0AAAFBBBB /* ZettelmanLocal.app */;
			productType = "com.apple.product-type.application";
		};
		D908325041A5B8C06BF7F22B /* ZettelmanLocalTests */ = {
			isa = PBXNativeTarget;
			buildConfigurationList = 957673A45D9340D597C253E8 /* Build configuration list for PBXNativeTarget "ZettelmanLocalTests" */;
			buildPhases = (
				383184D829095A52E4793F75 /* Sources */,
				D786B1B452BF91E22445D3DE /* Frameworks */,
				3D85759BAED52525DA425799 /* Resources */,
			);
			buildRules = (
			);
			dependencies = (
				727DAB49F3CFD03BCD563953 /* PBXTargetDependency */,
			);
			name = ZettelmanLocalTests;
			productName = ZettelmanLocalTests;
			productReference = AD9D5BF5FFDD4EBAB1B8FC04 /* ZettelmanLocalTests.xctest */;
			productType = "com.apple.product-type.bundle.unit-test";
		};
/* End PBXNativeTarget section */

/* Begin PBXProject section */
		95FC311EA008961D54BD56A2 /* Project object */ = {
			isa = PBXProject;
			attributes = {
				LastSwiftUpdateCheck = 2600;
				LastUpgradeCheck = 2600;
				TargetAttributes = {
					C6BCE3D7B4D99261579D1F2A = {
						DevelopmentTeam = 5QUG2XD3BZ;
						ProvisioningStyle = Automatic;
					};
					D908325041A5B8C06BF7F22B = {
						ProvisioningStyle = Automatic;
					};
				};
			};
			buildConfigurationList = A4F258116069654D63049F16 /* Build configuration list for PBXProject "ZettelmanLocal" */;
			compatibilityVersion = "Xcode 3.2";
			developmentRegion = en;
			hasScannedForEncodings = 0;
			knownRegions = (
				en,
				Base,
			);
			mainGroup = 312049C8E0CAC222CA3943BF;
			productRefGroup = 139F4533B4DED794016F38EE /* Products */;
			projectDirPath = "";
			projectRoot = "";
			targets = (
				C6BCE3D7B4D99261579D1F2A /* ZettelmanLocal */,
				D908325041A5B8C06BF7F22B /* ZettelmanLocalTests */,
			);
		};
/* End PBXProject section */

/* Begin PBXResourcesBuildPhase section */
		3D85759BAED52525DA425799 /* Resources */ = {
			isa = PBXResourcesBuildPhase;
			buildActionMask = 2147483647;
			files = (
			);
			runOnlyForDeploymentPostprocessing = 0;
		};
		6AD781A5FEA489EADEA341AE /* Resources */ = {
			isa = PBXResourcesBuildPhase;
			buildActionMask = 2147483647;
			files = (
				AAB8BC996B43F2EB9CB8E941 /* Assets.xcassets in Resources */,
			);
			runOnlyForDeploymentPostprocessing = 0;
		};
/* End PBXResourcesBuildPhase section */

/* Begin PBXSourcesBuildPhase section */
		383184D829095A52E4793F75 /* Sources */ = {
			isa = PBXSourcesBuildPhase;
			buildActionMask = 2147483647;
			files = (
				8D948ABF6F55AA4BB98B5B7B /* AppointmentExtractorFixtureTests.swift in Sources */,
				FF842165066DE8A1D9F61087 /* SampleScanIntegrationTests.swift in Sources */,
			);
			runOnlyForDeploymentPostprocessing = 0;
		};
		810A112E4B549491197AE88F /* Sources */ = {
			isa = PBXSourcesBuildPhase;
			buildActionMask = 2147483647;
			files = (
				1C830DEAC9402C0F171F4104 /* ContentView.swift in Sources */,
				0A8ACB56893F1D49727C472C /* ZettelmanLocalApp.swift in Sources */,
				A82A0C8C7B4EFFC835D4029E /* AppointmentRecord.swift in Sources */,
				7D918E8C0A6273280FB73763 /* ExtractedAppointment.swift in Sources */,
				D313EFB25D7993AED7FCE70B /* AppointmentExtractor.swift in Sources */,
				221A3F3C8409C0A00082A2DC /* AppointmentPresentation.swift in Sources */,
				A41A8FC4A7CE99942662B96F /* AppointmentScanner.swift in Sources */,
				F23CAAB4FCE88485C845E50B /* OCRImagePreprocessor.swift in Sources */,
				1BE02E115BB56B7568ED7884 /* ScannedImageStore.swift in Sources */,
				288759A895F49D0F9220F081 /* TextRecognizer.swift in Sources */,
				802D2FEAD84269A29AB82B14 /* AppointmentDetailView.swift in Sources */,
				D6A228815C735CA1474C2625 /* AppointmentListView.swift in Sources */,
				F76137DE686A1868D5A1B86C /* CameraPicker.swift in Sources */,
				1B81938F598CBA5EA6E93592 /* PhotoLibraryPicker.swift in Sources */,
				E7A7A992470A2A6070023DE8 /* ScanConfirmationView.swift in Sources */,
			);
			runOnlyForDeploymentPostprocessing = 0;
		};
/* End PBXSourcesBuildPhase section */

/* Begin PBXTargetDependency section */
		727DAB49F3CFD03BCD563953 /* PBXTargetDependency */ = {
			isa = PBXTargetDependency;
			name = ZettelmanLocal;
			target = C6BCE3D7B4D99261579D1F2A /* ZettelmanLocal */;
			targetProxy = 4A9E255AAB6DDAD060A99D93 /* PBXContainerItemProxy */;
		};
/* End PBXTargetDependency section */

/* Begin XCBuildConfiguration section */
		3F6515AEC0AD3DD67171EACF /* Debug */ = {
			isa = XCBuildConfiguration;
			buildSettings = {
				ASSETCATALOG_COMPILER_APPICON_NAME = AppIcon;
				ASSETCATALOG_COMPILER_GLOBAL_ACCENT_COLOR_NAME = AccentColor;
				CLANG_ENABLE_OBJC_WEAK = NO;
				CODE_SIGN_STYLE = Automatic;
				CURRENT_PROJECT_VERSION = 1;
				DEVELOPMENT_TEAM = 5QUG2XD3BZ;
				ENABLE_PREVIEWS = YES;
				GENERATE_INFOPLIST_FILE = NO;
				INFOPLIST_FILE = ZettelmanLocal/Resources/Info.plist;
				IPHONEOS_DEPLOYMENT_TARGET = 17.0;
				LD_RUNPATH_SEARCH_PATHS = "$(inherited) @executable_path/Frameworks";
				MARKETING_VERSION = 1.0;
				PRODUCT_BUNDLE_IDENTIFIER = com.example.zettelmanlocal;
				PRODUCT_NAME = "$(TARGET_NAME)";
				SDKROOT = iphoneos;
				SUPPORTED_PLATFORMS = "iphoneos iphonesimulator";
				SWIFT_EMIT_LOC_STRINGS = YES;
				SWIFT_VERSION = 5.0;
				TARGETED_DEVICE_FAMILY = "1,2";
			};
			name = Debug;
		};
		6D06D5ADB58A2F9F6FEF8059 /* Release */ = {
			isa = XCBuildConfiguration;
			buildSettings = {
				BUNDLE_LOADER = "$(BUILT_PRODUCTS_DIR)/ZettelmanLocal.app/ZettelmanLocal";
				CLANG_ENABLE_OBJC_WEAK = NO;
				CODE_SIGN_STYLE = Automatic;
				DEVELOPMENT_TEAM = "";
				GENERATE_INFOPLIST_FILE = YES;
				IPHONEOS_DEPLOYMENT_TARGET = 17.0;
				LD_RUNPATH_SEARCH_PATHS = "$(inherited) @executable_path/Frameworks @loader_path/Frameworks";
				PRODUCT_BUNDLE_IDENTIFIER = com.example.zettelmanlocal.tests;
				PRODUCT_NAME = "$(TARGET_NAME)";
				SDKROOT = iphoneos;
				SUPPORTED_PLATFORMS = "iphoneos iphonesimulator";
				SWIFT_EMIT_LOC_STRINGS = NO;
				SWIFT_VERSION = 5.0;
				TARGETED_DEVICE_FAMILY = "1,2";
				TEST_HOST = "$(BUILT_PRODUCTS_DIR)/ZettelmanLocal.app/ZettelmanLocal";
				VALIDATE_PRODUCT = YES;
			};
			name = Release;
		};
		BA3E605F8426C2641FE3E901 /* Debug */ = {
			isa = XCBuildConfiguration;
			buildSettings = {
				ALWAYS_SEARCH_USER_PATHS = NO;
				CLANG_ANALYZER_NONNULL = YES;
				CLANG_ANALYZER_NUMBER_OBJECT_CONVERSION = YES_AGGRESSIVE;
				CLANG_CXX_LANGUAGE_STANDARD = "gnu++14";
				CLANG_CXX_LIBRARY = "libc++";
				CLANG_ENABLE_MODULES = YES;
				CLANG_ENABLE_OBJC_ARC = YES;
				CLANG_ENABLE_OBJC_WEAK = YES;
				CLANG_WARN_BLOCK_CAPTURE_AUTORELEASING = YES;
				CLANG_WARN_BOOL_CONVERSION = YES;
				CLANG_WARN_COMMA = YES;
				CLANG_WARN_CONSTANT_CONVERSION = YES;
				CLANG_WARN_DEPRECATED_OBJC_IMPLEMENTATIONS = YES;
				CLANG_WARN_DIRECT_OBJC_ISA_USAGE = YES_ERROR;
				CLANG_WARN_DOCUMENTATION_COMMENTS = YES;
				CLANG_WARN_EMPTY_BODY = YES;
				CLANG_WARN_ENUM_CONVERSION = YES;
				CLANG_WARN_INFINITE_RECURSION = YES;
				CLANG_WARN_INT_CONVERSION = YES;
				CLANG_WARN_NON_LITERAL_NULL_CONVERSION = YES;
				CLANG_WARN_OBJC_IMPLICIT_RETAIN_SELF = YES;
				CLANG_WARN_OBJC_LITERAL_CONVERSION = YES;
				CLANG_WARN_OBJC_ROOT_CLASS = YES_ERROR;
				CLANG_WARN_QUOTED_INCLUDE_IN_FRAMEWORK_HEADER = YES;
				CLANG_WARN_RANGE_LOOP_ANALYSIS = YES;
				CLANG_WARN_STRICT_PROTOTYPES = YES;
				CLANG_WARN_SUSPICIOUS_MOVE = YES;
				CLANG_WARN_UNGUARDED_AVAILABILITY = YES_AGGRESSIVE;
				CLANG_WARN_UNREACHABLE_CODE = YES;
				CLANG_WARN__DUPLICATE_METHOD_MATCH = YES;
				COPY_PHASE_STRIP = NO;
				DEBUG_INFORMATION_FORMAT = dwarf;
				ENABLE_STRICT_OBJC_MSGSEND = YES;
				ENABLE_TESTABILITY = YES;
				GCC_C_LANGUAGE_STANDARD = gnu11;
				GCC_DYNAMIC_NO_PIC = NO;
				GCC_NO_COMMON_BLOCKS = YES;
				GCC_OPTIMIZATION_LEVEL = 0;
				GCC_PREPROCESSOR_DEFINITIONS = (
					"DEBUG=1",
					"$(inherited)",
				);
				GCC_WARN_64_TO_32_BIT_CONVERSION = YES;
				GCC_WARN_ABOUT_RETURN_TYPE = YES_ERROR;
				GCC_WARN_UNDECLARED_SELECTOR = YES;
				GCC_WARN_UNINITIALIZED_AUTOS = YES_AGGRESSIVE;
				GCC_WARN_UNUSED_FUNCTION = YES;
				GCC_WARN_UNUSED_VARIABLE = YES;
				MTL_ENABLE_DEBUG_INFO = INCLUDE_SOURCE;
				MTL_FAST_MATH = YES;
				ONLY_ACTIVE_ARCH = YES;
				PRODUCT_NAME = "$(TARGET_NAME)";
				SWIFT_ACTIVE_COMPILATION_CONDITIONS = DEBUG;
				SWIFT_OPTIMIZATION_LEVEL = "-Onone";
				SWIFT_VERSION = 5.0;
			};
			name = Debug;
		};
		C29DEC58EDA70BC56B2EABAD /* Release */ = {
			isa = XCBuildConfiguration;
			buildSettings = {
				ASSETCATALOG_COMPILER_APPICON_NAME = AppIcon;
				ASSETCATALOG_COMPILER_GLOBAL_ACCENT_COLOR_NAME = AccentColor;
				CLANG_ENABLE_OBJC_WEAK = NO;
				CODE_SIGN_STYLE = Automatic;
				CURRENT_PROJECT_VERSION = 1;
				DEVELOPMENT_TEAM = 5QUG2XD3BZ;
				ENABLE_PREVIEWS = YES;
				GENERATE_INFOPLIST_FILE = NO;
				INFOPLIST_FILE = ZettelmanLocal/Resources/Info.plist;
				IPHONEOS_DEPLOYMENT_TARGET = 17.0;
				LD_RUNPATH_SEARCH_PATHS = "$(inherited) @executable_path/Frameworks";
				MARKETING_VERSION = 1.0;
				PRODUCT_BUNDLE_IDENTIFIER = com.example.zettelmanlocal;
				PRODUCT_NAME = "$(TARGET_NAME)";
				SDKROOT = iphoneos;
				SUPPORTED_PLATFORMS = "iphoneos iphonesimulator";
				SWIFT_EMIT_LOC_STRINGS = YES;
				SWIFT_VERSION = 5.0;
				TARGETED_DEVICE_FAMILY = "1,2";
				VALIDATE_PRODUCT = YES;
			};
			name = Release;
		};
		CA2195A2BC608419E1D38D20 /* Release */ = {
			isa = XCBuildConfiguration;
			buildSettings = {
				ALWAYS_SEARCH_USER_PATHS = NO;
				CLANG_ANALYZER_NONNULL = YES;
				CLANG_ANALYZER_NUMBER_OBJECT_CONVERSION = YES_AGGRESSIVE;
				CLANG_CXX_LANGUAGE_STANDARD = "gnu++14";
				CLANG_CXX_LIBRARY = "libc++";
				CLANG_ENABLE_MODULES = YES;
				CLANG_ENABLE_OBJC_ARC = YES;
				CLANG_ENABLE_OBJC_WEAK = YES;
				CLANG_WARN_BLOCK_CAPTURE_AUTORELEASING = YES;
				CLANG_WARN_BOOL_CONVERSION = YES;
				CLANG_WARN_COMMA = YES;
				CLANG_WARN_CONSTANT_CONVERSION = YES;
				CLANG_WARN_DEPRECATED_OBJC_IMPLEMENTATIONS = YES;
				CLANG_WARN_DIRECT_OBJC_ISA_USAGE = YES_ERROR;
				CLANG_WARN_DOCUMENTATION_COMMENTS = YES;
				CLANG_WARN_EMPTY_BODY = YES;
				CLANG_WARN_ENUM_CONVERSION = YES;
				CLANG_WARN_INFINITE_RECURSION = YES;
				CLANG_WARN_INT_CONVERSION = YES;
				CLANG_WARN_NON_LITERAL_NULL_CONVERSION = YES;
				CLANG_WARN_OBJC_IMPLICIT_RETAIN_SELF = YES;
				CLANG_WARN_OBJC_LITERAL_CONVERSION = YES;
				CLANG_WARN_OBJC_ROOT_CLASS = YES_ERROR;
				CLANG_WARN_QUOTED_INCLUDE_IN_FRAMEWORK_HEADER = YES;
				CLANG_WARN_RANGE_LOOP_ANALYSIS = YES;
				CLANG_WARN_STRICT_PROTOTYPES = YES;
				CLANG_WARN_SUSPICIOUS_MOVE = YES;
				CLANG_WARN_UNGUARDED_AVAILABILITY = YES_AGGRESSIVE;
				CLANG_WARN_UNREACHABLE_CODE = YES;
				CLANG_WARN__DUPLICATE_METHOD_MATCH = YES;
				COPY_PHASE_STRIP = NO;
				DEBUG_INFORMATION_FORMAT = "dwarf-with-dsym";
				ENABLE_NS_ASSERTIONS = NO;
				ENABLE_STRICT_OBJC_MSGSEND = YES;
				GCC_C_LANGUAGE_STANDARD = gnu11;
				GCC_NO_COMMON_BLOCKS = YES;
				GCC_WARN_64_TO_32_BIT_CONVERSION = YES;
				GCC_WARN_ABOUT_RETURN_TYPE = YES_ERROR;
				GCC_WARN_UNDECLARED_SELECTOR = YES;
				GCC_WARN_UNINITIALIZED_AUTOS = YES_AGGRESSIVE;
				GCC_WARN_UNUSED_FUNCTION = YES;
				GCC_WARN_UNUSED_VARIABLE = YES;
				MTL_ENABLE_DEBUG_INFO = NO;
				MTL_FAST_MATH = YES;
				PRODUCT_NAME = "$(TARGET_NAME)";
				SWIFT_OPTIMIZATION_LEVEL = "-Owholemodule";
				SWIFT_VERSION = 5.0;
			};
			name = Release;
		};
		EE2911D8F9D87F603CC112CA /* Debug */ = {
			isa = XCBuildConfiguration;
			buildSettings = {
				BUNDLE_LOADER = "$(BUILT_PRODUCTS_DIR)/ZettelmanLocal.app/ZettelmanLocal";
				CLANG_ENABLE_OBJC_WEAK = NO;
				CODE_SIGN_STYLE = Automatic;
				DEVELOPMENT_TEAM = "";
				GENERATE_INFOPLIST_FILE = YES;
				IPHONEOS_DEPLOYMENT_TARGET = 17.0;
				LD_RUNPATH_SEARCH_PATHS = "$(inherited) @executable_path/Frameworks @loader_path/Frameworks";
				PRODUCT_BUNDLE_IDENTIFIER = com.example.zettelmanlocal.tests;
				PRODUCT_NAME = "$(TARGET_NAME)";
				SDKROOT = iphoneos;
				SUPPORTED_PLATFORMS = "iphoneos iphonesimulator";
				SWIFT_EMIT_LOC_STRINGS = NO;
				SWIFT_VERSION = 5.0;
				TARGETED_DEVICE_FAMILY = "1,2";
				TEST_HOST = "$(BUILT_PRODUCTS_DIR)/ZettelmanLocal.app/ZettelmanLocal";
			};
			name = Debug;
		};
/* End XCBuildConfiguration section */

/* Begin XCConfigurationList section */
		544CBCAA5D66A3A6AF54694A /* Build configuration list for PBXNativeTarget "ZettelmanLocal" */ = {
			isa = XCConfigurationList;
			buildConfigurations = (
				C29DEC58EDA70BC56B2EABAD /* Release */,
				3F6515AEC0AD3DD67171EACF /* Debug */,
			);
			defaultConfigurationIsVisible = 0;
			defaultConfigurationName = Release;
		};
		957673A45D9340D597C253E8 /* Build configuration list for PBXNativeTarget "ZettelmanLocalTests" */ = {
			isa = XCConfigurationList;
			buildConfigurations = (
				6D06D5ADB58A2F9F6FEF8059 /* Release */,
				EE2911D8F9D87F603CC112CA /* Debug */,
			);
			defaultConfigurationIsVisible = 0;
			defaultConfigurationName = Release;
		};
		A4F258116069654D63049F16 /* Build configuration list for PBXProject "ZettelmanLocal" */ = {
			isa = XCConfigurationList;
			buildConfigurations = (
				BA3E605F8426C2641FE3E901 /* Debug */,
				CA2195A2BC608419E1D38D20 /* Release */,
			);
			defaultConfigurationIsVisible = 0;
			defaultConfigurationName = Release;
		};
/* End XCConfigurationList section */
	};
	rootObject = 95FC311EA008961D54BD56A2 /* Project object */;
}
